// !$*UTF8*$!
{
	archiveVersion = 1;
	classes = {
	};
	objectVersion = 50;
	objects = {

/* Begin PBXBuildFile section */
		43D75C77239056AA00A70A72 /* AppDelegate.swift in Sources */ = {isa = PBXBuildFile; fileRef = 43D75C76239056AA00A70A72 /* AppDelegate.swift */; };
		43D75C79239056AA00A70A72 /* SceneDelegate.swift in Sources */ = {isa = PBXBuildFile; fileRef = 43D75C78239056AA00A70A72 /* SceneDelegate.swift */; };
		43D75C7B239056AA00A70A72 /* ContentView.swift in Sources */ = {isa = PBXBuildFile; fileRef = 43D75C7A239056AA00A70A72 /* ContentView.swift */; };
		43D75C7D239056AE00A70A72 /* Assets.xcassets in Resources */ = {isa = PBXBuildFile; fileRef = 43D75C7C239056AE00A70A72 /* Assets.xcassets */; };
		43D75C80239056AE00A70A72 /* Preview Assets.xcassets in Resources */ = {isa = PBXBuildFile; fileRef = 43D75C7F239056AE00A70A72 /* Preview Assets.xcassets */; };
		43D75C83239056AE00A70A72 /* LaunchScreen.storyboard in Resources */ = {isa = PBXBuildFile; fileRef = 43D75C81239056AE00A70A72 /* LaunchScreen.storyboard */; };
		43D75C8E239056AE00A70A72 /* getstartedSwiftUITests.swift in Sources */ = {isa = PBXBuildFile; fileRef = 43D75C8D239056AE00A70A72 /* getstartedSwiftUITests.swift */; };
		43D75C99239056AE00A70A72 /* getstartedSwiftUIUITests.swift in Sources */ = {isa = PBXBuildFile; fileRef = 43D75C98239056AE00A70A72 /* getstartedSwiftUIUITests.swift */; };
		43D75CA72390571C00A70A72 /* circleImage.swift in Sources */ = {isa = PBXBuildFile; fileRef = 43D75CA62390571C00A70A72 /* circleImage.swift */; };
		43D75CAB2390B38D00A70A72 /* MapView.swift in Sources */ = {isa = PBXBuildFile; fileRef = 43D75CAA2390B38D00A70A72 /* MapView.swift */; };
/* End PBXBuildFile section */

/* Begin PBXContainerItemProxy section */
		43D75C8A239056AE00A70A72 /* PBXContainerItemProxy */ = {
			isa = PBXContainerItemProxy;
			containerPortal = 43D75C6B239056AA00A70A72 /* Project object */;
			proxyType = 1;
			remoteGlobalIDString = 43D75C72239056AA00A70A72;
			remoteInfo = getstartedSwiftUI;
		};
		43D75C95239056AE00A70A72 /* PBXContainerItemProxy */ = {
			isa = PBXContainerItemProxy;
			containerPortal = 43D75C6B239056AA00A70A72 /* Project object */;
			proxyType = 1;
			remoteGlobalIDString = 43D75C72239056AA00A70A72;
			remoteInfo = getstartedSwiftUI;
		};
/* End PBXContainerItemProxy section */

/* Begin PBXFileReference section */
		43D75C73239056AA00A70A72 /* getstartedSwiftUI.app */ = {isa = PBXFileReference; explicitFileType = wrapper.application; includeInIndex = 0; path = getstartedSwiftUI.app; sourceTree = BUILT_PRODUCTS_DIR; };
		43D75C76239056AA00A70A72 /* AppDelegate.swift */ = {isa = PBXFileReference; lastKnownFileType = sourcecode.swift; path = AppDelegate.swift; sourceTree = "<group>"; };
		43D75C78239056AA00A70A72 /* SceneDelegate.swift */ = {isa = PBXFileReference; lastKnownFileType = sourcecode.swift; path = SceneDelegate.swift; sourceTree = "<group>"; };
		43D75C7A239056AA00A70A72 /* ContentView.swift */ = {isa = PBXFileReference; lastKnownFileType = sourcecode.swift; path = ContentView.swift; sourceTree = "<group>"; };
		43D75C7C239056AE00A70A72 /* Assets.xcassets */ = {isa = PBXFileReference; lastKnownFileType = folder.assetcatalog; path = Assets.xcassets; sourceTree = "<group>"; };
		43D75C7F239056AE00A70A72 /* Preview Assets.xcassets */ = {isa = PBXFileReference; lastKnownFileType = folder.assetcatalog; path = "Preview Assets.xcassets"; sourceTree = "<group>"; };
		43D75C82239056AE00A70A72 /* Base */ = {isa = PBXFileReference; lastKnownFileType = file.storyboard; name = Base; path = Base.lproj/LaunchScreen.storyboard; sourceTree = "<group>"; };
		43D75C84239056AE00A70A72 /* Info.plist */ = {isa = PBXFileReference; lastKnownFileType = text.plist.xml; path = Info.plist; sourceTree = "<group>"; };
		43D75C89239056AE00A70A72 /* getstartedSwiftUITests.xctest */ = {isa = PBXFileReference; explicitFileType = wrapper.cfbundle; includeInIndex = 0; path = getstartedSwiftUITests.xctest; sourceTree = BUILT_PRODUCTS_DIR; };
		43D75C8D239056AE00A70A72 /* getstartedSwiftUITests.swift */ = {isa = PBXFileReference; lastKnownFileType = sourcecode.swift; path = getstartedSwiftUITests.swift; sourceTree = "<group>"; };
		43D75C8F239056AE00A70A72 /* Info.plist */ = {isa = PBXFileReference; lastKnownFileType = text.plist.xml; path = Info.plist; sourceTree = "<group>"; };
		43D75C94239056AE00A70A72 /* getstartedSwiftUIUITests.xctest */ = {isa = PBXFileReference; explicitFileType = wrapper.cfbundle; includeInIndex = 0; path = getstartedSwiftUIUITests.xctest; sourceTree = BUILT_PRODUCTS_DIR; };
		43D75C98239056AE00A70A72 /* getstartedSwiftUIUITests.swift */ = {isa = PBXFileReference; lastKnownFileType = sourcecode.swift; path = getstartedSwiftUIUITests.swift; sourceTree = "<group>"; };
		43D75C9A239056AE00A70A72 /* Info.plist */ = {isa = PBXFileReference; lastKnownFileType = text.plist.xml; path = Info.plist; sourceTree = "<group>"; };
		43D75CA62390571C00A70A72 /* circleImage.swift */ = {isa = PBXFileReference; lastKnownFileType = sourcecode.swift; path = circleImage.swift; sourceTree = "<group>"; };
		43D75CAA2390B38D00A70A72 /* MapView.swift */ = {isa = PBXFileReference; lastKnownFileType = sourcecode.swift; path = MapView.swift; sourceTree = "<group>"; };
/* End PBXFileReference section */

/* Begin PBXFrameworksBuildPhase section */
		43D75C70239056AA00A70A72 /* Frameworks */ = {
			isa = PBXFrameworksBuildPhase;
			buildActionMask = 2147483647;
			files = (
			);
			runOnlyForDeploymentPostprocessing = 0;
		};
		43D75C86239056AE00A70A72 /* Frameworks */ = {
			isa = PBXFrameworksBuildPhase;
			buildActionMask = 2147483647;
			files = (
			);
			runOnlyForDeploymentPostprocessing = 0;
		};
		43D75C91239056AE00A70A72 /* Frameworks */ = {
			isa = PBXFrameworksBuildPhase;
			buildActionMask = 2147483647;
			files = (
			);
			runOnlyForDeploymentPostprocessing = 0;
		};
/* End PBXFrameworksBuildPhase section */

/* Begin PBXGroup section */
		43D75C6A239056AA00A70A72 = {
			isa = PBXGroup;
			children = (
				43D75C75239056AA00A70A72 /* getstartedSwiftUI */,
				43D75C8C239056AE00A70A72 /* getstartedSwiftUITests */,
				43D75C97239056AE00A70A72 /* getstartedSwiftUIUITests */,
				43D75C74239056AA00A70A72 /* Products */,
			);
			sourceTree = "<group>";
		};
		43D75C74239056AA00A70A72 /* Products */ = {
			isa = PBXGroup;
			children = (
				43D75C73239056AA00A70A72 /* getstartedSwiftUI.app */,
				43D75C89239056AE00A70A72 /* getstartedSwiftUITests.xctest */,
				43D75C94239056AE00A70A72 /* getstartedSwiftUIUITests.xctest */,
			);
			name = Products;
			sourceTree = "<group>";
		};
		43D75C75239056AA00A70A72 /* getstartedSwiftUI */ = {
			isa = PBXGroup;
			children = (
				43D75C76239056AA00A70A72 /* AppDelegate.swift */,
				43D75CAA2390B38D00A70A72 /* MapView.swift */,
				43D75C78239056AA00A70A72 /* SceneDelegate.swift */,
				43D75C7A239056AA00A70A72 /* ContentView.swift */,
				43D75CA62390571C00A70A72 /* circleImage.swift */,
				43D75C7C239056AE00A70A72 /* Assets.xcassets */,
				43D75C81239056AE00A70A72 /* LaunchScreen.storyboard */,
				43D75C84239056AE00A70A72 /* Info.plist */,
				43D75C7E239056AE00A70A72 /* Preview Content */,
			);
			path = getstartedSwiftUI;
			sourceTree = "<group>";
		};
		43D75C7E239056AE00A70A72 /* Preview Content */ = {
			isa = PBXGroup;
			children = (
				43D75C7F239056AE00A70A72 /* Preview Assets.xcassets */,
			);
			path = "Preview Content";
			sourceTree = "<group>";
		};
		43D75C8C239056AE00A70A72 /* getstartedSwiftUITests */ = {
			isa = PBXGroup;
			children = (
				43D75C8D239056AE00A70A72 /* getstartedSwiftUITests.swift */,
				43D75C8F239056AE00A70A72 /* Info.plist */,
			);
			path = getstartedSwiftUITests;
			sourceTree = "<group>";
		};
		43D75C97239056AE00A70A72 /* getstartedSwiftUIUITests */ = {
			isa = PBXGroup;
			children = (
				43D75C98239056AE00A70A72 /* getstartedSwiftUIUITests.swift */,
				43D75C9A239056AE00A70A72 /* Info.plist */,
			);
			path = getstartedSwiftUIUITests;
			sourceTree = "<group>";
		};
/* End PBXGroup section */

/* Begin PBXNativeTarget section */
		43D75C72239056AA00A70A72 /* getstartedSwiftUI */ = {
			isa = PBXNativeTarget;
			buildConfigurationList = 43D75C9D239056AE00A70A72 /* Build configuration list for PBXNativeTarget "getstartedSwiftUI" */;
			buildPhases = (
				43D75C6F239056AA00A70A72 /* Sources */,
				43D75C70239056AA00A70A72 /* Frameworks */,
				43D75C71239056AA00A70A72 /* Resources */,
			);
			buildRules = (
			);
			dependencies = (
			);
			name = getstartedSwiftUI;
			productName = getstartedSwiftUI;
			productReference = 43D75C73239056AA00A70A72 /* getstartedSwiftUI.app */;
			productType = "com.apple.product-type.application";
		};
		43D75C88239056AE00A70A72 /* getstartedSwiftUITests */ = {
			isa = PBXNativeTarget;
			buildConfigurationList = 43D75CA0239056AE00A70A72 /* Build configuration list for PBXNativeTarget "getstartedSwiftUITests" */;
			buildPhases = (
				43D75C85239056AE00A70A72 /* Sources */,
				43D75C86239056AE00A70A72 /* Frameworks */,
				43D75C87239056AE00A70A72 /* Resources */,
			);
			buildRules = (
			);
			dependencies = (
				43D75C8B239056AE00A70A72 /* PBXTargetDependency */,
			);
			name = getstartedSwiftUITests;
			productName = getstartedSwiftUITests;
			productReference = 43D75C89239056AE00A70A72 /* getstartedSwiftUITests.xctest */;
			productType = "com.apple.product-type.bundle.unit-test";
		};
		43D75C93239056AE00A70A72 /* getstartedSwiftUIUITests */ = {
			isa = PBXNativeTarget;
			buildConfigurationList = 43D75CA3239056AE00A70A72 /* Build configuration list for PBXNativeTarget "getstartedSwiftUIUITests" */;
			buildPhases = (
				43D75C90239056AE00A70A72 /* Sources */,
				43D75C91239056AE00A70A72 /* Frameworks */,
				43D75C92239056AE00A70A72 /* Resources */,
			);
			buildRules = (
			);
			dependencies = (
				43D75C96239056AE00A70A72 /* PBXTargetDependency */,
			);
			name = getstartedSwiftUIUITests;
			productName = getstartedSwiftUIUITests;
			productReference = 43D75C94239056AE00A70A72 /* getstartedSwiftUIUITests.xctest */;
			productType = "com.apple.product-type.bundle.ui-testing";
		};
/* End PBXNativeTarget section */

/* Begin PBXProject section */
		43D75C6B239056AA00A70A72 /* Project object */ = {
			isa = PBXProject;
			attributes = {
				LastSwiftUpdateCheck = 1120;
				LastUpgradeCheck = 1120;
				ORGANIZATIONNAME = "DAM+DM-2019";
				TargetAttributes = {
					43D75C72239056AA00A70A72 = {
						CreatedOnToolsVersion = 11.2.1;
					};
					43D75C88239056AE00A70A72 = {
						CreatedOnToolsVersion = 11.2.1;
						TestTargetID = 43D75C72239056AA00A70A72;
					};
					43D75C93239056AE00A70A72 = {
						CreatedOnToolsVersion = 11.2.1;
						TestTargetID = 43D75C72239056AA00A70A72;
					};
				};
			};
			buildConfigurationList = 43D75C6E239056AA00A70A72 /* Build configuration list for PBXProject "getstartedSwiftUI" */;
			compatibilityVersion = "Xcode 9.3";
			developmentRegion = en;
			hasScannedForEncodings = 0;
			knownRegions = (
				en,
				Base,
			);
			mainGroup = 43D75C6A239056AA00A70A72;
			productRefGroup = 43D75C74239056AA00A70A72 /* Products */;
			projectDirPath = "";
			projectRoot = "";
			targets = (
				43D75C72239056AA00A70A72 /* getstartedSwiftUI */,
				43D75C88239056AE00A70A72 /* getstartedSwiftUITests */,
				43D75C93239056AE00A70A72 /* getstartedSwiftUIUITests */,
			);
		};
/* End PBXProject section */

/* Begin PBXResourcesBuildPhase section */
		43D75C71239056AA00A70A72 /* Resources */ = {
			isa = PBXResourcesBuildPhase;
			buildActionMask = 2147483647;
			files = (
				43D75C83239056AE00A70A72 /* LaunchScreen.storyboard in Resources */,
				43D75C80239056AE00A70A72 /* Preview Assets.xcassets in Resources */,
				43D75C7D239056AE00A70A72 /* Assets.xcassets in Resources */,
			);
			runOnlyForDeploymentPostprocessing = 0;
		};
		43D75C87239056AE00A70A72 /* Resources */ = {
			isa = PBXResourcesBuildPhase;
			buildActionMask = 2147483647;
			files = (
			);
			runOnlyForDeploymentPostprocessing = 0;
		};
		43D75C92239056AE00A70A72 /* Resources */ = {
			isa = PBXResourcesBuildPhase;
			buildActionMask = 2147483647;
			files = (
			);
			runOnlyForDeploymentPostprocessing = 0;
		};
/* End PBXResourcesBuildPhase section */

/* Begin PBXSourcesBuildPhase section */
		43D75C6F239056AA00A70A72 /* Sources */ = {
			isa = PBXSourcesBuildPhase;
			buildActionMask = 2147483647;
			files = (
				43D75C77239056AA00A70A72 /* AppDelegate.swift in Sources */,
				43D75CA72390571C00A70A72 /* circleImage.swift in Sources */,
				43D75CAB2390B38D00A70A72 /* MapView.swift in Sources */,
				43D75C79239056AA00A70A72 /* SceneDelegate.swift in Sources */,
				43D75C7B239056AA00A70A72 /* ContentView.swift in Sources */,
			);
			runOnlyForDeploymentPostprocessing = 0;
		};
		43D75C85239056AE00A70A72 /* Sources */ = {
			isa = PBXSourcesBuildPhase;
			buildActionMask = 2147483647;
			files = (
				43D75C8E239056AE00A70A72 /* getstartedSwiftUITests.swift in Sources */,
			);
			runOnlyForDeploymentPostprocessing = 0;
		};
		43D75C90239056AE00A70A72 /* Sources */ = {
			isa = PBXSourcesBuildPhase;
			buildActionMask = 2147483647;
			files = (
				43D75C99239056AE00A70A72 /* getstartedSwiftUIUITests.swift in Sources */,
			);
			runOnlyForDeploymentPostprocessing = 0;
		};
/* End PBXSourcesBuildPhase section */

/* Begin PBXTargetDependency section */
		43D75C8B239056AE00A70A72 /* PBXTargetDependency */ = {
			isa = PBXTargetDependency;
			target = 43D75C72239056AA00A70A72 /* getstartedSwiftUI */;
			targetProxy = 43D75C8A239056AE00A70A72 /* PBXContainerItemProxy */;
		};
		43D75C96239056AE00A70A72 /* PBXTargetDependency */ = {
			isa = PBXTargetDependency;
			target = 43D75C72239056AA00A70A72 /* getstartedSwiftUI */;
			targetProxy = 43D75C95239056AE00A70A72 /* PBXContainerItemProxy */;
		};
/* End PBXTargetDependency section */

/* Begin PBXVariantGroup section */
		43D75C81239056AE00A70A72 /* LaunchScreen.storyboard */ = {
			isa = PBXVariantGroup;
			children = (
				43D75C82239056AE00A70A72 /* Base */,
			);
			name = LaunchScreen.storyboard;
			sourceTree = "<group>";
		};
/* End PBXVariantGroup section */

/* Begin XCBuildConfiguration section */
		43D75C9B239056AE00A70A72 /* Debug */ = {
			isa = XCBuildConfiguration;
			buildSettings = {
				ALWAYS_SEARCH_USER_PATHS = NO;
				CLANG_ANALYZER_NONNULL = YES;
				CLANG_ANALYZER_NUMBER_OBJECT_CONVERSION = YES_AGGRESSIVE;
				CLANG_CXX_LANGUAGE_STANDARD = "gnu++14";
				CLANG_CXX_LIBRARY = "libc++";
				CLANG_ENABLE_MODULES = YES;
				CLANG_ENABLE_OBJC_ARC = YES;
				CLANG_ENABLE_OBJC_WEAK = YES;
				CLANG_WARN_BLOCK_CAPTURE_AUTORELEASING = YES;
				CLANG_WARN_BOOL_CONVERSION = YES;
				CLANG_WARN_COMMA = YES;
				CLANG_WARN_CONSTANT_CONVERSION = YES;
				CLANG_WARN_DEPRECATED_OBJC_IMPLEMENTATIONS = YES;
				CLANG_WARN_DIRECT_OBJC_ISA_USAGE = YES_ERROR;
				CLANG_WARN_DOCUMENTATION_COMMENTS = YES;
				CLANG_WARN_EMPTY_BODY = YES;
				CLANG_WARN_ENUM_CONVERSION = YES;
				CLANG_WARN_INFINITE_RECURSION = YES;
				CLANG_WARN_INT_CONVERSION = YES;
				CLANG_WARN_NON_LITERAL_NULL_CONVERSION = YES;
				CLANG_WARN_OBJC_IMPLICIT_RETAIN_SELF = YES;
				CLANG_WARN_OBJC_LITERAL_CONVERSION = YES;
				CLANG_WARN_OBJC_ROOT_CLASS = YES_ERROR;
				CLANG_WARN_RANGE_LOOP_ANALYSIS = YES;
				CLANG_WARN_STRICT_PROTOTYPES = YES;
				CLANG_WARN_SUSPICIOUS_MOVE = YES;
				CLANG_WARN_UNGUARDED_AVAILABILITY = YES_AGGRESSIVE;
				CLANG_WARN_UNREACHABLE_CODE = YES;
				CLANG_WARN__DUPLICATE_METHOD_MATCH = YES;
				COPY_PHASE_STRIP = NO;
				DEBUG_INFORMATION_FORMAT = dwarf;
				ENABLE_STRICT_OBJC_MSGSEND = YES;
				ENABLE_TESTABILITY = YES;
				GCC_C_LANGUAGE_STANDARD = gnu11;
				GCC_DYNAMIC_NO_PIC = NO;
				GCC_NO_COMMON_BLOCKS = YES;
				GCC_OPTIMIZATION_LEVEL = 0;
				GCC_PREPROCESSOR_DEFINITIONS = (
					"DEBUG=1",
					"$(inherited)",
				);
				GCC_WARN_64_TO_32_BIT_CONVERSION = YES;
				GCC_WARN_ABOUT_RETURN_TYPE = YES_ERROR;
				GCC_WARN_UNDECLARED_SELECTOR = YES;
				GCC_WARN_UNINITIALIZED_AUTOS = YES_AGGRESSIVE;
				GCC_WARN_UNUSED_FUNCTION = YES;
				GCC_WARN_UNUSED_VARIABLE = YES;
				IPHONEOS_DEPLOYMENT_TARGET = 13.2;
				MTL_ENABLE_DEBUG_INFO = INCLUDE_SOURCE;
				MTL_FAST_MATH = YES;
				ONLY_ACTIVE_ARCH = YES;
				SDKROOT = iphoneos;
				SWIFT_ACTIVE_COMPILATION_CONDITIONS = DEBUG;
				SWIFT_OPTIMIZATION_LEVEL = "-Onone";
			};
			name = Debug;
		};
		43D75C9C239056AE00A70A72 /* Release */ = {
			isa = XCBuildConfiguration;
			buildSettings = {
				ALWAYS_SEARCH_USER_PATHS = NO;
				CLANG_ANALYZER_NONNULL = YES;
				CLANG_ANALYZER_NUMBER_OBJECT_CONVERSION = YES_AGGRESSIVE;
				CLANG_CXX_LANGUAGE_STANDARD = "gnu++14";
				CLANG_CXX_LIBRARY = "libc++";
				CLANG_ENABLE_MODULES = YES;
				CLANG_ENABLE_OBJC_ARC = YES;
				CLANG_ENABLE_OBJC_WEAK = YES;
				CLANG_WARN_BLOCK_CAPTURE_AUTORELEASING = YES;
				CLANG_WARN_BOOL_CONVERSION = YES;
				CLANG_WARN_COMMA = YES;
				CLANG_WARN_CONSTANT_CONVERSION = YES;
				CLANG_WARN_DEPRECATED_OBJC_IMPLEMENTATIONS = YES;
				CLANG_WARN_DIRECT_OBJC_ISA_USAGE = YES_ERROR;
				CLANG_WARN_DOCUMENTATION_COMMENTS = YES;
				CLANG_WARN_EMPTY_BODY = YES;
				CLANG_WARN_ENUM_CONVERSION = YES;
				CLANG_WARN_INFINITE_RECURSION = YES;
				CLANG_WARN_INT_CONVERSION = YES;
				CLANG_WARN_NON_LITERAL_NULL_CONVERSION = YES;
				CLANG_WARN_OBJC_IMPLICIT_RETAIN_SELF = YES;
				CLANG_WARN_OBJC_LITERAL_CONVERSION = YES;
				CLANG_WARN_OBJC_ROOT_CLASS = YES_ERROR;
				CLANG_WARN_RANGE_LOOP_ANALYSIS = YES;
				CLANG_WARN_STRICT_PROTOTYPES = YES;
				CLANG_WARN_SUSPICIOUS_MOVE = YES;
				CLANG_WARN_UNGUARDED_AVAILABILITY = YES_AGGRESSIVE;
				CLANG_WARN_UNREACHABLE_CODE = YES;
				CLANG_WARN__DUPLICATE_METHOD_MATCH = YES;
				COPY_PHASE_STRIP = NO;
				DEBUG_INFORMATION_FORMAT = "dwarf-with-dsym";
				ENABLE_NS_ASSERTIONS = NO;
				ENABLE_STRICT_OBJC_MSGSEND = YES;
				GCC_C_LANGUAGE_STANDARD = gnu11;
				GCC_NO_COMMON_BLOCKS = YES;
				GCC_WARN_64_TO_32_BIT_CONVERSION = YES;
				GCC_WARN_ABOUT_RETURN_TYPE = YES_ERROR;
				GCC_WARN_UNDECLARED_SELECTOR = YES;
				GCC_WARN_UNINITIALIZED_AUTOS = YES_AGGRESSIVE;
				GCC_WARN_UNUSED_FUNCTION = YES;
				GCC_WARN_UNUSED_VARIABLE = YES;
				IPHONEOS_DEPLOYMENT_TARGET = 13.2;
				MTL_ENABLE_DEBUG_INFO = NO;
				MTL_FAST_MATH = YES;
				SDKROOT = iphoneos;
				SWIFT_COMPILATION_MODE = wholemodule;
				SWIFT_OPTIMIZATION_LEVEL = "-O";
				VALIDATE_PRODUCT = YES;
			};
			name = Release;
		};
		43D75C9E239056AE00A70A72 /* Debug */ = {
			isa = XCBuildConfiguration;
			buildSettings = {
				ASSETCATALOG_COMPILER_APPICON_NAME = AppIcon;
				CODE_SIGN_STYLE = Automatic;
				DEVELOPMENT_ASSET_PATHS = "\"getstartedSwiftUI/Preview Content\"";
				ENABLE_PREVIEWS = YES;
				INFOPLIST_FILE = getstartedSwiftUI/Info.plist;
				LD_RUNPATH_SEARCH_PATHS = (
					"$(inherited)",
					"@executable_path/Frameworks",
				);
				PRODUCT_BUNDLE_IDENTIFIER = Javi.getstartedSwiftUI;
				PRODUCT_NAME = "$(TARGET_NAME)";
				SWIFT_VERSION = 5.0;
				TARGETED_DEVICE_FAMILY = "1,2";
			};
			name = Debug;
		};
		43D75C9F239056AE00A70A72 /* Release */ = {
			isa = XCBuildConfiguration;
			buildSettings = {
				ASSETCATALOG_COMPILER_APPICON_NAME = AppIcon;
				CODE_SIGN_STYLE = Automatic;
				DEVELOPMENT_ASSET_PATHS = "\"getstartedSwiftUI/Preview Content\"";
				ENABLE_PREVIEWS = YES;
				INFOPLIST_FILE = getstartedSwiftUI/Info.plist;
				LD_RUNPATH_SEARCH_PATHS = (
					"$(inherited)",
					"@executable_path/Frameworks",
				);
				PRODUCT_BUNDLE_IDENTIFIER = Javi.getstartedSwiftUI;
				PRODUCT_NAME = "$(TARGET_NAME)";
				SWIFT_VERSION = 5.0;
				TARGETED_DEVICE_FAMILY = "1,2";
			};
			name = Release;
		};
		43D75CA1239056AE00A70A72 /* Debug */ = {
			isa = XCBuildConfiguration;
			buildSettings = {
				ALWAYS_EMBED_SWIFT_STANDARD_LIBRARIES = YES;
				BUNDLE_LOADER = "$(TEST_HOST)";
				CODE_SIGN_STYLE = Automatic;
				INFOPLIST_FILE = getstartedSwiftUITests/Info.plist;
				IPHONEOS_DEPLOYMENT_TARGET = 13.2;
				LD_RUNPATH_SEARCH_PATHS = (
					"$(inherited)",
					"@executable_path/Frameworks",
					"@loader_path/Frameworks",
				);
				PRODUCT_BUNDLE_IDENTIFIER = Javi.getstartedSwiftUITests;
				PRODUCT_NAME = "$(TARGET_NAME)";
				SWIFT_VERSION = 5.0;
				TARGETED_DEVICE_FAMILY = "1,2";
				TEST_HOST = "$(BUILT_PRODUCTS_DIR)/getstartedSwiftUI.app/getstartedSwiftUI";
			};
			name = Debug;
		};
		43D75CA2239056AE00A70A72 /* Release */ = {
			isa = XCBuildConfiguration;
			buildSettings = {
				ALWAYS_EMBED_SWIFT_STANDARD_LIBRARIES = YES;
				BUNDLE_LOADER = "$(TEST_HOST)";
				CODE_SIGN_STYLE = Automatic;
				INFOPLIST_FILE = getstartedSwiftUITests/Info.plist;
				IPHONEOS_DEPLOYMENT_TARGET = 13.2;
				LD_RUNPATH_SEARCH_PATHS = (
					"$(inherited)",
					"@executable_path/Frameworks",
					"@loader_path/Frameworks",
				);
				PRODUCT_BUNDLE_IDENTIFIER = Javi.getstartedSwiftUITests;
				PRODUCT_NAME = "$(TARGET_NAME)";
				SWIFT_VERSION = 5.0;
				TARGETED_DEVICE_FAMILY = "1,2";
				TEST_HOST = "$(BUILT_PRODUCTS_DIR)/getstartedSwiftUI.app/getstartedSwiftUI";
			};
			name = Release;
		};
		43D75CA4239056AE00A70A72 /* Debug */ = {
			isa = XCBuildConfiguration;
			buildSettings = {
				ALWAYS_EMBED_SWIFT_STANDARD_LIBRARIES = YES;
				CODE_SIGN_STYLE = Automatic;
				INFOPLIST_FILE = getstartedSwiftUIUITests/Info.plist;
				LD_RUNPATH_SEARCH_PATHS = (
					"$(inherited)",
					"@executable_path/Frameworks",
					"@loader_path/Frameworks",
				);
				PRODUCT_BUNDLE_IDENTIFIER = Javi.getstartedSwiftUIUITests;
				PRODUCT_NAME = "$(TARGET_NAME)";
				SWIFT_VERSION = 5.0;
				TARGETED_DEVICE_FAMILY = "1,2";
				TEST_TARGET_NAME = getstartedSwiftUI;
			};
			name = Debug;
		};
		43D75CA5239056AE00A70A72 /* Release */ = {
			isa = XCBuildConfiguration;
			buildSettings = {
				ALWAYS_EMBED_SWIFT_STANDARD_LIBRARIES = YES;
				CODE_SIGN_STYLE = Automatic;
				INFOPLIST_FILE = getstartedSwiftUIUITests/Info.plist;
				LD_RUNPATH_SEARCH_PATHS = (
					"$(inherited)",
					"@executable_path/Frameworks",
					"@loader_path/Frameworks",
				);
				PRODUCT_BUNDLE_IDENTIFIER = Javi.getstartedSwiftUIUITests;
				PRODUCT_NAME = "$(TARGET_NAME)";
				SWIFT_VERSION = 5.0;
				TARGETED_DEVICE_FAMILY = "1,2";
				TEST_TARGET_NAME = getstartedSwiftUI;
			};
			name = Release;
		};
/* End XCBuildConfiguration section */

/* Begin XCConfigurationList section */
		43D75C6E239056AA00A70A72 /* Build configuration list for PBXProject "getstartedSwiftUI" */ = {
			isa = XCConfigurationList;
			buildConfigurations = (
				43D75C9B239056AE00A70A72 /* Debug */,
				43D75C9C239056AE00A70A72 /* Release */,
			);
			defaultConfigurationIsVisible = 0;
			defaultConfigurationName = Release;
		};
		43D75C9D239056AE00A70A72 /* Build configuration list for PBXNativeTarget "getstartedSwiftUI" */ = {
			isa = XCConfigurationList;
			buildConfigurations = (
				43D75C9E239056AE00A70A72 /* Debug */,
				43D75C9F239056AE00A70A72 /* Release */,
			);
			defaultConfigurationIsVisible = 0;
			defaultConfigurationName = Release;
		};
		43D75CA0239056AE00A70A72 /* Build configuration list for PBXNativeTarget "getstartedSwiftUITests" */ = {
			isa = XCConfigurationList;
			buildConfigurations = (
				43D75CA1239056AE00A70A72 /* Debug */,
				43D75CA2239056AE00A70A72 /* Release */,
			);
			defaultConfigurationIsVisible = 0;
			defaultConfigurationName = Release;
		};
		43D75CA3239056AE00A70A72 /* Build configuration list for PBXNativeTarget "getstartedSwiftUIUITests" */ = {
			isa = XCConfigurationList;
			buildConfigurations = (
				43D75CA4239056AE00A70A72 /* Debug */,
				43D75CA5239056AE00A70A72 /* Release */,
			);
			defaultConfigurationIsVisible = 0;
			defaultConfigurationName = Release;
		};
/* End XCConfigurationList section */
	};
	rootObject = 43D75C6B239056AA00A70A72 /* Project object */;
}
